{
    "_readme": [
        "This file locks the dependencies of your project to a known state",
        "Read more about it at https://getcomposer.org/doc/01-basic-usage.md#installing-dependencies",
        "This file is @generated automatically"
    ],
    "content-hash": "d9dc371e96fde3595950e9a3e92f0169",
    "packages": [
        {
            "name": "amphp/amp",
            "version": "v3.0.2",
            "source": {
                "type": "git",
                "url": "https://github.com/amphp/amp.git",
                "reference": "138801fb68cfc9c329da8a7b39d01ce7291ee4b0"
            },
            "dist": {
                "type": "zip",
                "url": "https://api.github.com/repos/amphp/amp/zipball/138801fb68cfc9c329da8a7b39d01ce7291ee4b0",
                "reference": "138801fb68cfc9c329da8a7b39d01ce7291ee4b0",
                "shasum": ""
            },
            "require": {
                "php": ">=8.1",
                "revolt/event-loop": "^1 || ^0.2"
            },
            "require-dev": {
                "amphp/php-cs-fixer-config": "^2",
                "phpunit/phpunit": "^9",
                "psalm/phar": "5.23.1"
            },
            "type": "library",
            "autoload": {
                "files": [
                    "src/functions.php",
                    "src/Future/functions.php",
                    "src/Internal/functions.php"
                ],
                "psr-4": {
                    "Amp\\": "src"
                }
            },
            "notification-url": "https://packagist.org/downloads/",
            "license": [
                "MIT"
            ],
            "authors": [
                {
                    "name": "Aaron Piotrowski",
                    "email": "aaron@trowski.com"
                },
                {
                    "name": "Bob Weinand",
                    "email": "bobwei9@hotmail.com"
                },
                {
                    "name": "Niklas Keller",
                    "email": "me@kelunik.com"
                },
                {
                    "name": "Daniel Lowrey",
                    "email": "rdlowrey@php.net"
                }
            ],
            "description": "A non-blocking concurrency framework for PHP applications.",
            "homepage": "https://amphp.org/amp",
            "keywords": [
                "async",
                "asynchronous",
                "awaitable",
                "concurrency",
                "event",
                "event-loop",
                "future",
                "non-blocking",
                "promise"
            ],
            "support": {
                "issues": "https://github.com/amphp/amp/issues",
                "source": "https://github.com/amphp/amp/tree/v3.0.2"
            },
            "funding": [
                {
                    "url": "https://github.com/amphp",
                    "type": "github"
                }
            ],
            "time": "2024-05-10T21:37:46+00:00"
        },
        {
            "name": "amphp/byte-stream",
            "version": "v2.1.1",
            "source": {
                "type": "git",
                "url": "https://github.com/amphp/byte-stream.git",
                "reference": "daa00f2efdbd71565bf64ffefa89e37542addf93"
            },
            "dist": {
                "type": "zip",
                "url": "https://api.github.com/repos/amphp/byte-stream/zipball/daa00f2efdbd71565bf64ffefa89e37542addf93",
                "reference": "daa00f2efdbd71565bf64ffefa89e37542addf93",
                "shasum": ""
            },
            "require": {
                "amphp/amp": "^3",
                "amphp/parser": "^1.1",
                "amphp/pipeline": "^1",
                "amphp/serialization": "^1",
                "amphp/sync": "^2",
                "php": ">=8.1",
                "revolt/event-loop": "^1 || ^0.2.3"
            },
            "require-dev": {
                "amphp/php-cs-fixer-config": "^2",
                "amphp/phpunit-util": "^3",
                "phpunit/phpunit": "^9",
                "psalm/phar": "5.22.1"
            },
            "type": "library",
            "autoload": {
                "files": [
                    "src/functions.php",
                    "src/Internal/functions.php"
                ],
                "psr-4": {
                    "Amp\\ByteStream\\": "src"
                }
            },
            "notification-url": "https://packagist.org/downloads/",
            "license": [
                "MIT"
            ],
            "authors": [
                {
                    "name": "Aaron Piotrowski",
                    "email": "aaron@trowski.com"
                },
                {
                    "name": "Niklas Keller",
                    "email": "me@kelunik.com"
                }
            ],
            "description": "A stream abstraction to make working with non-blocking I/O simple.",
            "homepage": "https://amphp.org/byte-stream",
            "keywords": [
                "amp",
                "amphp",
                "async",
                "io",
                "non-blocking",
                "stream"
            ],
            "support": {
                "issues": "https://github.com/amphp/byte-stream/issues",
                "source": "https://github.com/amphp/byte-stream/tree/v2.1.1"
            },
            "funding": [
                {
                    "url": "https://github.com/amphp",
                    "type": "github"
                }
            ],
            "time": "2024-02-17T04:49:38+00:00"
        },
        {
            "name": "amphp/log",
            "version": "v2.0.0",
            "source": {
                "type": "git",
                "url": "https://github.com/amphp/log.git",
                "reference": "bf1562b8a18a3f30efa069ed740f412ac70a8a6c"
            },
            "dist": {
                "type": "zip",
                "url": "https://api.github.com/repos/amphp/log/zipball/bf1562b8a18a3f30efa069ed740f412ac70a8a6c",
                "reference": "bf1562b8a18a3f30efa069ed740f412ac70a8a6c",
                "shasum": ""
            },
            "require": {
                "amphp/amp": "^3",
                "amphp/byte-stream": "^2",
                "monolog/monolog": "^3|^2|^1.23",
                "php": ">=8.1",
                "psr/log": "^3|^2|^1"
            },
            "require-dev": {
                "amphp/file": "^3",
                "amphp/php-cs-fixer-config": "^2",
                "amphp/phpunit-util": "^3",
                "phpunit/phpunit": "^9",
                "psalm/phar": "^5.6"
            },
            "type": "library",
            "autoload": {
                "files": [
                    "src/functions.php"
                ],
                "psr-4": {
                    "Amp\\Log\\": "src"
                }
            },
            "notification-url": "https://packagist.org/downloads/",
            "license": [
                "MIT"
            ],
            "authors": [
                {
                    "name": "Aaron Piotrowski",
                    "email": "aaron@trowski.com"
                },
                {
                    "name": "Niklas Keller",
                    "email": "me@kelunik.com"
                }
            ],
            "description": "Non-blocking logging for PHP based on Amp, Revolt, and Monolog.",
            "homepage": "https://github.com/amphp/log",
            "keywords": [
                "amp",
                "amphp",
                "async",
                "log",
                "logger",
                "logging",
                "non-blocking"
            ],
            "support": {
                "issues": "https://github.com/amphp/log/issues",
                "source": "https://github.com/amphp/log/tree/v2.0.0"
            },
            "funding": [
                {
                    "url": "https://github.com/amphp",
                    "type": "github"
                }
            ],
            "time": "2023-08-05T18:59:54+00:00"
        },
        {
            "name": "amphp/parser",
            "version": "v1.1.1",
            "source": {
                "type": "git",
                "url": "https://github.com/amphp/parser.git",
                "reference": "3cf1f8b32a0171d4b1bed93d25617637a77cded7"
            },
            "dist": {
                "type": "zip",
                "url": "https://api.github.com/repos/amphp/parser/zipball/3cf1f8b32a0171d4b1bed93d25617637a77cded7",
                "reference": "3cf1f8b32a0171d4b1bed93d25617637a77cded7",
                "shasum": ""
            },
            "require": {
                "php": ">=7.4"
            },
            "require-dev": {
                "amphp/php-cs-fixer-config": "^2",
                "phpunit/phpunit": "^9",
                "psalm/phar": "^5.4"
            },
            "type": "library",
            "autoload": {
                "psr-4": {
                    "Amp\\Parser\\": "src"
                }
            },
            "notification-url": "https://packagist.org/downloads/",
            "license": [
                "MIT"
            ],
            "authors": [
                {
                    "name": "Aaron Piotrowski",
                    "email": "aaron@trowski.com"
                },
                {
                    "name": "Niklas Keller",
                    "email": "me@kelunik.com"
                }
            ],
            "description": "A generator parser to make streaming parsers simple.",
            "homepage": "https://github.com/amphp/parser",
            "keywords": [
                "async",
                "non-blocking",
                "parser",
                "stream"
            ],
            "support": {
                "issues": "https://github.com/amphp/parser/issues",
                "source": "https://github.com/amphp/parser/tree/v1.1.1"
            },
            "funding": [
                {
                    "url": "https://github.com/amphp",
                    "type": "github"
                }
            ],
            "time": "2024-03-21T19:16:53+00:00"
        },
        {
            "name": "amphp/pipeline",
            "version": "v1.2.1",
            "source": {
                "type": "git",
                "url": "https://github.com/amphp/pipeline.git",
                "reference": "66c095673aa5b6e689e63b52d19e577459129ab3"
            },
            "dist": {
                "type": "zip",
                "url": "https://api.github.com/repos/amphp/pipeline/zipball/66c095673aa5b6e689e63b52d19e577459129ab3",
                "reference": "66c095673aa5b6e689e63b52d19e577459129ab3",
                "shasum": ""
            },
            "require": {
                "amphp/amp": "^3",
                "php": ">=8.1",
                "revolt/event-loop": "^1"
            },
            "require-dev": {
                "amphp/php-cs-fixer-config": "^2",
                "amphp/phpunit-util": "^3",
                "phpunit/phpunit": "^9",
                "psalm/phar": "^5.18"
            },
            "type": "library",
            "autoload": {
                "psr-4": {
                    "Amp\\Pipeline\\": "src"
                }
            },
            "notification-url": "https://packagist.org/downloads/",
            "license": [
                "MIT"
            ],
            "authors": [
                {
                    "name": "Aaron Piotrowski",
                    "email": "aaron@trowski.com"
                },
                {
                    "name": "Niklas Keller",
                    "email": "me@kelunik.com"
                }
            ],
            "description": "Asynchronous iterators and operators.",
            "homepage": "https://amphp.org/pipeline",
            "keywords": [
                "amp",
                "amphp",
                "async",
                "io",
                "iterator",
                "non-blocking"
            ],
            "support": {
                "issues": "https://github.com/amphp/pipeline/issues",
                "source": "https://github.com/amphp/pipeline/tree/v1.2.1"
            },
            "funding": [
                {
                    "url": "https://github.com/amphp",
                    "type": "github"
                }
            ],
            "time": "2024-07-04T00:56:47+00:00"
        },
        {
            "name": "amphp/serialization",
            "version": "v1.0.0",
            "source": {
                "type": "git",
                "url": "https://github.com/amphp/serialization.git",
                "reference": "693e77b2fb0b266c3c7d622317f881de44ae94a1"
            },
            "dist": {
                "type": "zip",
                "url": "https://api.github.com/repos/amphp/serialization/zipball/693e77b2fb0b266c3c7d622317f881de44ae94a1",
                "reference": "693e77b2fb0b266c3c7d622317f881de44ae94a1",
                "shasum": ""
            },
            "require": {
                "php": ">=7.1"
            },
            "require-dev": {
                "amphp/php-cs-fixer-config": "dev-master",
                "phpunit/phpunit": "^9 || ^8 || ^7"
            },
            "type": "library",
            "autoload": {
                "files": [
                    "src/functions.php"
                ],
                "psr-4": {
                    "Amp\\Serialization\\": "src"
                }
            },
            "notification-url": "https://packagist.org/downloads/",
            "license": [
                "MIT"
            ],
            "authors": [
                {
                    "name": "Aaron Piotrowski",
                    "email": "aaron@trowski.com"
                },
                {
                    "name": "Niklas Keller",
                    "email": "me@kelunik.com"
                }
            ],
            "description": "Serialization tools for IPC and data storage in PHP.",
            "homepage": "https://github.com/amphp/serialization",
            "keywords": [
                "async",
                "asynchronous",
                "serialization",
                "serialize"
            ],
            "support": {
                "issues": "https://github.com/amphp/serialization/issues",
                "source": "https://github.com/amphp/serialization/tree/master"
            },
            "time": "2020-03-25T21:39:07+00:00"
        },
        {
            "name": "amphp/sync",
            "version": "v2.3.0",
            "source": {
                "type": "git",
                "url": "https://github.com/amphp/sync.git",
                "reference": "217097b785130d77cfcc58ff583cf26cd1770bf1"
            },
            "dist": {
                "type": "zip",
                "url": "https://api.github.com/repos/amphp/sync/zipball/217097b785130d77cfcc58ff583cf26cd1770bf1",
                "reference": "217097b785130d77cfcc58ff583cf26cd1770bf1",
                "shasum": ""
            },
            "require": {
                "amphp/amp": "^3",
                "amphp/pipeline": "^1",
                "amphp/serialization": "^1",
                "php": ">=8.1",
                "revolt/event-loop": "^1 || ^0.2"
            },
            "require-dev": {
                "amphp/php-cs-fixer-config": "^2",
                "amphp/phpunit-util": "^3",
                "phpunit/phpunit": "^9",
                "psalm/phar": "5.23"
            },
            "type": "library",
            "autoload": {
                "files": [
                    "src/functions.php"
                ],
                "psr-4": {
                    "Amp\\Sync\\": "src"
                }
            },
            "notification-url": "https://packagist.org/downloads/",
            "license": [
                "MIT"
            ],
            "authors": [
                {
                    "name": "Aaron Piotrowski",
                    "email": "aaron@trowski.com"
                },
                {
                    "name": "Niklas Keller",
                    "email": "me@kelunik.com"
                },
                {
                    "name": "Stephen Coakley",
                    "email": "me@stephencoakley.com"
                }
            ],
            "description": "Non-blocking synchronization primitives for PHP based on Amp and Revolt.",
            "homepage": "https://github.com/amphp/sync",
            "keywords": [
                "async",
                "asynchronous",
                "mutex",
                "semaphore",
                "synchronization"
            ],
            "support": {
                "issues": "https://github.com/amphp/sync/issues",
                "source": "https://github.com/amphp/sync/tree/v2.3.0"
            },
            "funding": [
                {
                    "url": "https://github.com/amphp",
                    "type": "github"
                }
            ],
            "time": "2024-08-03T19:31:26+00:00"
        },
        {
            "name": "ifcastle/application",
            "version": "v0.6.2",
            "source": {
                "type": "git",
                "url": "https://github.com/EdmondDantes/application.git",
                "reference": "cd3a69b10cb8df6c73e50511dfa92276c7c78091"
            },
            "dist": {
                "type": "zip",
                "url": "https://api.github.com/repos/EdmondDantes/application/zipball/cd3a69b10cb8df6c73e50511dfa92276c7c78091",
                "reference": "cd3a69b10cb8df6c73e50511dfa92276c7c78091",
                "shasum": ""
            },
            "require": {
                "ifcastle/design-patterns": "^0.1.0",
                "ifcastle/di": "^0.5.2",
                "ifcastle/os-utilities": "^0.5.0",
                "ifcastle/service-manager": "^0.5.3",
                "psr/log": "^3.0"
            },
            "require-dev": {
                "amphp/php-cs-fixer-config": "^2.1",
                "friendsofphp/php-cs-fixer": "^3.60",
                "phpunit/phpunit": "^11.3"
            },
            "type": "library",
            "autoload": {
                "psr-4": {
                    "IfCastle\\Application\\": "src/"
                }
            },
            "notification-url": "https://packagist.org/downloads/",
            "license": [
                "MIT"
            ],
            "description": "A set of interfaces for the \"Application\" pattern.",
            "keywords": [
                "application",
                "interfaces",
                "patterns"
            ],
            "support": {
                "issues": "https://github.com/EdmondDantes/application/issues",
                "source": "https://github.com/EdmondDantes/application/tree/v0.6.2"
            },
            "time": "2024-08-18T18:39:45+00:00"
        },
        {
            "name": "ifcastle/design-patterns",
            "version": "v0.1.3",
            "source": {
                "type": "git",
                "url": "https://github.com/EdmondDantes/design-patterns.git",
                "reference": "ba1e08686c61970dfb59d10a1052c05a06183c7a"
            },
            "dist": {
                "type": "zip",
                "url": "https://api.github.com/repos/EdmondDantes/design-patterns/zipball/ba1e08686c61970dfb59d10a1052c05a06183c7a",
                "reference": "ba1e08686c61970dfb59d10a1052c05a06183c7a",
                "shasum": ""
            },
            "require": {
                "ifcastle/di": "^0.5.2",
                "ifcastle/exceptions": "^5.0"
            },
            "require-dev": {
                "amphp/php-cs-fixer-config": "^2.1",
                "friendsofphp/php-cs-fixer": "^3.60",
                "phpunit/phpunit": "^11.2"
            },
            "type": "library",
            "autoload": {
                "psr-4": {
                    "IfCastle\\DesignPatterns\\": "src/"
                }
            },
            "notification-url": "https://packagist.org/downloads/",
            "license": [
                "MIT"
            ],
            "description": "A library of common design patterns for building stateful server applications.",
            "keywords": [
                "design-patterns",
                "server",
                "stateful"
            ],
            "support": {
                "issues": "https://github.com/EdmondDantes/design-patterns/issues",
                "source": "https://github.com/EdmondDantes/design-patterns/tree/v0.1.3"
            },
            "time": "2024-08-14T09:39:10+00:00"
        },
        {
            "name": "ifcastle/di",
            "version": "v0.5.11",
            "source": {
                "type": "git",
                "url": "https://github.com/EdmondDantes/di.git",
                "reference": "e638ffd11a43cfbd18b193533fb0fcf8b395b9ec"
            },
            "dist": {
                "type": "zip",
                "url": "https://api.github.com/repos/EdmondDantes/di/zipball/e638ffd11a43cfbd18b193533fb0fcf8b395b9ec",
                "reference": "e638ffd11a43cfbd18b193533fb0fcf8b395b9ec",
                "shasum": ""
            },
            "require": {
                "php": ">=8.3"
            },
            "require-dev": {
                "phpunit/phpunit": "^11.2",
                "rector/rector": "^1.2"
            },
            "type": "library",
            "autoload": {
                "psr-4": {
                    "IfCastle\\DI\\": [
                        "src/"
                    ]
                }
            },
            "notification-url": "https://packagist.org/downloads/",
            "license": [
                "MIT"
            ],
            "authors": [
                {
                    "name": "Edmond Dantes",
                    "email": "edmondifthen@proton.me"
                }
            ],
            "description": "The dependency injection container",
            "keywords": [
                "container",
                "dependency injection",
                "di",
                "ioc"
            ],
            "support": {
                "issues": "https://github.com/EdmondDantes/di/issues",
                "source": "https://github.com/EdmondDantes/di/tree/v0.5.11"
            },
            "time": "2024-08-19T08:38:45+00:00"
        },
        {
            "name": "ifcastle/exceptions",
            "version": "v5.0.0",
            "source": {
                "type": "git",
                "url": "https://github.com/EdmondDantes/BaseException.git",
                "reference": "1d2a7c6db219c3d9d2e6cf5aa437f4691f711857"
            },
            "dist": {
                "type": "zip",
                "url": "https://api.github.com/repos/EdmondDantes/BaseException/zipball/1d2a7c6db219c3d9d2e6cf5aa437f4691f711857",
                "reference": "1d2a7c6db219c3d9d2e6cf5aa437f4691f711857",
                "shasum": ""
            },
            "require": {
                "php": ">=8.3"
            },
            "require-dev": {
                "phpunit/phpunit": "^11.2",
                "rector/rector": "^1.2"
            },
            "type": "library",
            "autoload": {
                "psr-4": {
                    "IfCastle\\Exceptions\\": [
                        "src/",
                        "tests/"
                    ]
                }
            },
            "notification-url": "https://packagist.org/downloads/",
            "license": [
                "MIT"
            ],
            "authors": [
                {
                    "name": "Edmond Dantes",
                    "email": "edmondifthen@proton.me"
                }
            ],
            "description": "A basic library for exceptions with templates, oriented towards usage in web services",
            "support": {
                "issues": "https://github.com/EdmondDantes/BaseException/issues",
                "source": "https://github.com/EdmondDantes/BaseException/tree/v5.0.0"
            },
            "time": "2024-07-16T10:09:25+00:00"
        },
        {
            "name": "ifcastle/os-utilities",
            "version": "v0.5.0",
            "source": {
                "type": "git",
                "url": "https://github.com/EdmondDantes/os-utilities.git",
                "reference": "468a576838b6b74dc3d6a2f7c48c5a1d38dd500f"
            },
            "dist": {
                "type": "zip",
                "url": "https://api.github.com/repos/EdmondDantes/os-utilities/zipball/468a576838b6b74dc3d6a2f7c48c5a1d38dd500f",
                "reference": "468a576838b6b74dc3d6a2f7c48c5a1d38dd500f",
                "shasum": ""
            },
            "require": {
                "ifcastle/exceptions": "^5.0"
            },
            "require-dev": {
                "amphp/php-cs-fixer-config": "^2.1",
                "friendsofphp/php-cs-fixer": "^3.60",
                "phpunit/phpunit": "^11.2"
            },
            "type": "library",
            "autoload": {
                "psr-4": {
                    "IfCastle\\OsUtilities\\": "src/"
                }
            },
            "notification-url": "https://packagist.org/downloads/",
            "license": [
                "MIT"
            ],
            "description": "Library of modules for interacting with the operating system.",
            "keywords": [
                "os",
                "utilities"
            ],
            "support": {
                "issues": "https://github.com/EdmondDantes/os-utilities/issues",
                "source": "https://github.com/EdmondDantes/os-utilities/tree/v0.5.0"
            },
            "time": "2024-07-30T12:32:03+00:00"
        },
        {
            "name": "ifcastle/service-manager",
            "version": "v0.5.6",
            "source": {
                "type": "git",
                "url": "https://github.com/EdmondDantes/service-manager.git",
                "reference": "336415a818b2e34518e69e47514a5f84032e2b62"
            },
            "dist": {
                "type": "zip",
                "url": "https://api.github.com/repos/EdmondDantes/service-manager/zipball/336415a818b2e34518e69e47514a5f84032e2b62",
                "reference": "336415a818b2e34518e69e47514a5f84032e2b62",
                "shasum": ""
            },
            "require": {
                "ifcastle/di": "^0.5.0",
                "ifcastle/exceptions": "^5.0",
                "ifcastle/type-definitions": "^0.5.0"
            },
            "require-dev": {
                "amphp/php-cs-fixer-config": "^2.1",
                "friendsofphp/php-cs-fixer": "^3.60",
                "phpunit/phpunit": "^11.2"
            },
            "type": "library",
            "autoload": {
                "psr-4": {
                    "IfCastle\\ServiceManager\\": "src/"
                }
            },
            "notification-url": "https://packagist.org/downloads/",
            "license": [
                "MIT"
            ],
            "description": "A library that allows organizing code according to the Services pattern.",
            "keywords": [
                "services"
            ],
            "support": {
                "issues": "https://github.com/EdmondDantes/service-manager/issues",
                "source": "https://github.com/EdmondDantes/service-manager/tree/v0.5.6"
            },
            "time": "2024-08-12T09:49:10+00:00"
        },
        {
            "name": "ifcastle/type-definitions",
            "version": "v0.5.6",
            "source": {
                "type": "git",
                "url": "https://github.com/EdmondDantes/type-definitions.git",
                "reference": "40f59776fe0604f6c46aea96fe269f47a55ff862"
            },
            "dist": {
                "type": "zip",
                "url": "https://api.github.com/repos/EdmondDantes/type-definitions/zipball/40f59776fe0604f6c46aea96fe269f47a55ff862",
                "reference": "40f59776fe0604f6c46aea96fe269f47a55ff862",
                "shasum": ""
            },
            "require": {
                "ifcastle/exceptions": "^5.0"
            },
            "require-dev": {
                "amphp/php-cs-fixer-config": "^2.1",
                "friendsofphp/php-cs-fixer": "^3.60",
                "phpunit/phpunit": "^11.2"
            },
            "type": "library",
            "autoload": {
                "psr-4": {
                    "IfCastle\\TypeDefinitions\\": "src/"
                }
            },
            "notification-url": "https://packagist.org/downloads/",
            "license": [
                "MIT"
            ],
            "description": "Library for defining data types at the business logic layer. Data hydration and serialization based on type definitions.",
            "keywords": [
                "compilation",
                "data",
                "definitions",
                "hydration",
                "serialization",
                "types",
                "validation"
            ],
            "support": {
                "issues": "https://github.com/EdmondDantes/type-definitions/issues",
                "source": "https://github.com/EdmondDantes/type-definitions/tree/v0.5.6"
            },
            "time": "2024-08-05T12:16:03+00:00"
        },
        {
            "name": "monolog/monolog",
            "version": "3.7.0",
            "source": {
                "type": "git",
                "url": "https://github.com/Seldaek/monolog.git",
                "reference": "f4393b648b78a5408747de94fca38beb5f7e9ef8"
            },
            "dist": {
                "type": "zip",
                "url": "https://api.github.com/repos/Seldaek/monolog/zipball/f4393b648b78a5408747de94fca38beb5f7e9ef8",
                "reference": "f4393b648b78a5408747de94fca38beb5f7e9ef8",
                "shasum": ""
            },
            "require": {
                "php": ">=8.1",
                "psr/log": "^2.0 || ^3.0"
            },
            "provide": {
                "psr/log-implementation": "3.0.0"
            },
            "require-dev": {
                "aws/aws-sdk-php": "^3.0",
                "doctrine/couchdb": "~1.0@dev",
                "elasticsearch/elasticsearch": "^7 || ^8",
                "ext-json": "*",
                "graylog2/gelf-php": "^1.4.2 || ^2.0",
                "guzzlehttp/guzzle": "^7.4.5",
                "guzzlehttp/psr7": "^2.2",
                "mongodb/mongodb": "^1.8",
                "php-amqplib/php-amqplib": "~2.4 || ^3",
                "phpstan/phpstan": "^1.9",
                "phpstan/phpstan-deprecation-rules": "^1.0",
                "phpstan/phpstan-strict-rules": "^1.4",
                "phpunit/phpunit": "^10.5.17",
                "predis/predis": "^1.1 || ^2",
                "ruflin/elastica": "^7",
                "symfony/mailer": "^5.4 || ^6",
                "symfony/mime": "^5.4 || ^6"
            },
            "suggest": {
                "aws/aws-sdk-php": "Allow sending log messages to AWS services like DynamoDB",
                "doctrine/couchdb": "Allow sending log messages to a CouchDB server",
                "elasticsearch/elasticsearch": "Allow sending log messages to an Elasticsearch server via official client",
                "ext-amqp": "Allow sending log messages to an AMQP server (1.0+ required)",
                "ext-curl": "Required to send log messages using the IFTTTHandler, the LogglyHandler, the SendGridHandler, the SlackWebhookHandler or the TelegramBotHandler",
                "ext-mbstring": "Allow to work properly with unicode symbols",
                "ext-mongodb": "Allow sending log messages to a MongoDB server (via driver)",
                "ext-openssl": "Required to send log messages using SSL",
                "ext-sockets": "Allow sending log messages to a Syslog server (via UDP driver)",
                "graylog2/gelf-php": "Allow sending log messages to a GrayLog2 server",
                "mongodb/mongodb": "Allow sending log messages to a MongoDB server (via library)",
                "php-amqplib/php-amqplib": "Allow sending log messages to an AMQP server using php-amqplib",
                "rollbar/rollbar": "Allow sending log messages to Rollbar",
                "ruflin/elastica": "Allow sending log messages to an Elastic Search server"
            },
            "type": "library",
            "extra": {
                "branch-alias": {
                    "dev-main": "3.x-dev"
                }
            },
            "autoload": {
                "psr-4": {
                    "Monolog\\": "src/Monolog"
                }
            },
            "notification-url": "https://packagist.org/downloads/",
            "license": [
                "MIT"
            ],
            "authors": [
                {
                    "name": "Jordi Boggiano",
                    "email": "j.boggiano@seld.be",
                    "homepage": "https://seld.be"
                }
            ],
            "description": "Sends your logs to files, sockets, inboxes, databases and various web services",
            "homepage": "https://github.com/Seldaek/monolog",
            "keywords": [
                "log",
                "logging",
                "psr-3"
            ],
            "support": {
                "issues": "https://github.com/Seldaek/monolog/issues",
                "source": "https://github.com/Seldaek/monolog/tree/3.7.0"
            },
            "funding": [
                {
                    "url": "https://github.com/Seldaek",
                    "type": "github"
                },
                {
                    "url": "https://tidelift.com/funding/github/packagist/monolog/monolog",
                    "type": "tidelift"
                }
            ],
            "time": "2024-06-28T09:40:51+00:00"
        },
        {
            "name": "psr/log",
            "version": "3.0.1",
            "source": {
                "type": "git",
                "url": "https://github.com/php-fig/log.git",
                "reference": "79dff0b268932c640297f5208d6298f71855c03e"
            },
            "dist": {
                "type": "zip",
                "url": "https://api.github.com/repos/php-fig/log/zipball/79dff0b268932c640297f5208d6298f71855c03e",
                "reference": "79dff0b268932c640297f5208d6298f71855c03e",
                "shasum": ""
            },
            "require": {
                "php": ">=8.0.0"
            },
            "type": "library",
            "extra": {
                "branch-alias": {
                    "dev-master": "3.x-dev"
                }
            },
            "autoload": {
                "psr-4": {
                    "Psr\\Log\\": "src"
                }
            },
            "notification-url": "https://packagist.org/downloads/",
            "license": [
                "MIT"
            ],
            "authors": [
                {
                    "name": "PHP-FIG",
                    "homepage": "https://www.php-fig.org/"
                }
            ],
            "description": "Common interface for logging libraries",
            "homepage": "https://github.com/php-fig/log",
            "keywords": [
                "log",
                "psr",
                "psr-3"
            ],
            "support": {
                "source": "https://github.com/php-fig/log/tree/3.0.1"
            },
            "time": "2024-08-21T13:31:24+00:00"
        },
        {
            "name": "revolt/event-loop",
            "version": "v1.0.6",
            "source": {
                "type": "git",
                "url": "https://github.com/revoltphp/event-loop.git",
                "reference": "25de49af7223ba039f64da4ae9a28ec2d10d0254"
            },
            "dist": {
                "type": "zip",
                "url": "https://api.github.com/repos/revoltphp/event-loop/zipball/25de49af7223ba039f64da4ae9a28ec2d10d0254",
                "reference": "25de49af7223ba039f64da4ae9a28ec2d10d0254",
                "shasum": ""
            },
            "require": {
                "php": ">=8.1"
            },
            "require-dev": {
                "ext-json": "*",
                "jetbrains/phpstorm-stubs": "^2019.3",
                "phpunit/phpunit": "^9",
                "psalm/phar": "^5.15"
            },
            "type": "library",
            "extra": {
                "branch-alias": {
                    "dev-main": "1.x-dev"
                }
            },
            "autoload": {
                "psr-4": {
                    "Revolt\\": "src"
                }
            },
            "notification-url": "https://packagist.org/downloads/",
            "license": [
                "MIT"
            ],
            "authors": [
                {
                    "name": "Aaron Piotrowski",
                    "email": "aaron@trowski.com"
                },
                {
                    "name": "Cees-Jan Kiewiet",
                    "email": "ceesjank@gmail.com"
                },
                {
                    "name": "Christian Lück",
                    "email": "christian@clue.engineering"
                },
                {
                    "name": "Niklas Keller",
                    "email": "me@kelunik.com"
                }
            ],
            "description": "Rock-solid event loop for concurrent PHP applications.",
            "keywords": [
                "async",
                "asynchronous",
                "concurrency",
                "event",
                "event-loop",
                "non-blocking",
                "scheduler"
            ],
            "support": {
                "issues": "https://github.com/revoltphp/event-loop/issues",
                "source": "https://github.com/revoltphp/event-loop/tree/v1.0.6"
            },
            "time": "2023-11-30T05:34:44+00:00"
        }
    ],
    "packages-dev": [],
    "aliases": [],
    "minimum-stability": "stable",
    "stability-flags": [],
    "prefer-stable": false,
    "prefer-lowest": false,
    "platform": [],
    "platform-dev": [],
    "plugin-api-version": "2.3.0"
}
